
Microsoft Visual Studio Solution File, Format Version 12.00
# Visual Studio Version 16
VisualStudioVersion = 16.0.30611.23
MinimumVisualStudioVersion = 10.0.40219.1
Project("{9A19103F-16F7-4668-BE54-9A1E7A4F7556}") = "EasyValidator.Tests", "src\EasyValidator.Tests\EasyValidator.Tests.csproj", "{2A3048FC-8992-4452-807C-77579D8ACF87}"
EndProject
Project("{FAE04EC0-301F-11D3-BF4B-00C04F79EFBC}") = "EasyValidator.Validator", "src\EasyValidator.Validator\EasyValidator.Validator.csproj", "{8F9738D6-7105-4178-8C97-110360D1E718}"
EndProject
Global
	GlobalSection(SolutionConfigurationPlatforms) = preSolution
		Debug|Any CPU = Debug|Any CPU
		Release|Any CPU = Release|Any CPU
	EndGlobalSection
	GlobalSection(ProjectConfigurationPlatforms) = postSolution
		{2A3048FC-8992-4452-807C-77579D8ACF87}.Debug|Any CPU.ActiveCfg = Debug|Any CPU
		{2A3048FC-8992-4452-807C-77579D8ACF87}.Debug|Any CPU.Build.0 = Debug|Any CPU
		{2A3048FC-8992-4452-807C-77579D8ACF87}.Release|Any CPU.ActiveCfg = Release|Any CPU
		{2A3048FC-8992-4452-807C-77579D8ACF87}.Release|Any CPU.Build.0 = Release|Any CPU
		{8F9738D6-7105-4178-8C97-110360D1E718}.Debug|Any CPU.ActiveCfg = Debug|Any CPU
		{8F9738D6-7105-4178-8C97-110360D1E718}.Debug|Any CPU.Build.0 = Debug|Any CPU
		{8F9738D6-7105-4178-8C97-110360D1E718}.Release|Any CPU.ActiveCfg = Release|Any CPU
		{8F9738D6-7105-4178-8C97-110360D1E718}.Release|Any CPU.Build.0 = Release|Any CPU
	EndGlobalSection
	GlobalSection(SolutionProperties) = preSolution
		HideSolutionNode = FALSE
	EndGlobalSection
	GlobalSection(ExtensibilityGlobals) = postSolution
		SolutionGuid = {A81D4205-DD76-4F86-95E8-C623CE8F4507}
	EndGlobalSection
EndGlobal
